
Microsoft Visual Studio Solution File, Format Version 12.00
# Visual Studio Version 17
VisualStudioVersion = 17.10.35013.160
MinimumVisualStudioVersion = 10.0.40219.1
Project("{FAE04EC0-301F-11D3-BF4B-00C04F79EFBC}") = "FirstDay.Server", "FirstDay.Server\FirstDay.Server.csproj", "{D90CB693-D5C5-4E2A-804E-D1E87F174091}"
EndProject
Project("{54A90642-561A-4BB1-A94E-469ADEE60C69}") = "firstday.client", "firstday.client\firstday.client.esproj", "{4FA7BFB2-DCF9-41CF-9B37-0D90C8F235B3}"
EndProject
Global
	GlobalSection(SolutionConfigurationPlatforms) = preSolution
		Debug|Any CPU = Debug|Any CPU
		Release|Any CPU = Release|Any CPU
	EndGlobalSection
	GlobalSection(ProjectConfigurationPlatforms) = postSolution
		{D90CB693-D5C5-4E2A-804E-D1E87F174091}.Debug|Any CPU.ActiveCfg = Debug|Any CPU
		{D90CB693-D5C5-4E2A-804E-D1E87F174091}.Debug|Any CPU.Build.0 = Debug|Any CPU
		{D90CB693-D5C5-4E2A-804E-D1E87F174091}.Release|Any CPU.ActiveCfg = Release|Any CPU
		{D90CB693-D5C5-4E2A-804E-D1E87F174091}.Release|Any CPU.Build.0 = Release|Any CPU
		{4FA7BFB2-DCF9-41CF-9B37-0D90C8F235B3}.Debug|Any CPU.ActiveCfg = Debug|Any CPU
		{4FA7BFB2-DCF9-41CF-9B37-0D90C8F235B3}.Debug|Any CPU.Build.0 = Debug|Any CPU
		{4FA7BFB2-DCF9-41CF-9B37-0D90C8F235B3}.Debug|Any CPU.Deploy.0 = Debug|Any CPU
		{4FA7BFB2-DCF9-41CF-9B37-0D90C8F235B3}.Release|Any CPU.ActiveCfg = Release|Any CPU
		{4FA7BFB2-DCF9-41CF-9B37-0D90C8F235B3}.Release|Any CPU.Build.0 = Release|Any CPU
		{4FA7BFB2-DCF9-41CF-9B37-0D90C8F235B3}.Release|Any CPU.Deploy.0 = Release|Any CPU
	EndGlobalSection
	GlobalSection(SolutionProperties) = preSolution
		HideSolutionNode = FALSE
	EndGlobalSection
	GlobalSection(ExtensibilityGlobals) = postSolution
		SolutionGuid = {F24732CA-391B-481D-9BE0-E0DFBBF2C8AA}
	EndGlobalSection
EndGlobal
